
Microsoft Visual Studio Solution File, Format Version 12.00
# Visual Studio Version 17
VisualStudioVersion = 17.10.35004.147
MinimumVisualStudioVersion = 10.0.40219.1
Project("{8BC9CEB8-8B4A-11D0-8D11-00A0C91BC942}") = "buoi1", "buoi1\buoi1.vcxproj", "{131398AB-7950-4FB1-8542-8EC7F8AAABF8}"
EndProject
Project("{8BC9CEB8-8B4A-11D0-8D11-00A0C91BC942}") = "buoi2", "buoi2\buoi2.vcxproj", "{B55884DA-9CEF-4D87-A01A-ED5B9CD97424}"
EndProject
Global
	GlobalSection(SolutionConfigurationPlatforms) = preSolution
		Debug|x64 = Debug|x64
		Debug|x86 = Debug|x86
		Release|x64 = Release|x64
		Release|x86 = Release|x86
	EndGlobalSection
	GlobalSection(ProjectConfigurationPlatforms) = postSolution
		{131398AB-7950-4FB1-8542-8EC7F8AAABF8}.Debug|x64.ActiveCfg = Debug|x64
		{131398AB-7950-4FB1-8542-8EC7F8AAABF8}.Debug|x64.Build.0 = Debug|x64
		{131398AB-7950-4FB1-8542-8EC7F8AAABF8}.Debug|x86.ActiveCfg = Debug|Win32
		{131398AB-7950-4FB1-8542-8EC7F8AAABF8}.Debug|x86.Build.0 = Debug|Win32
		{131398AB-7950-4FB1-8542-8EC7F8AAABF8}.Release|x64.ActiveCfg = Release|x64
		{131398AB-7950-4FB1-8542-8EC7F8AAABF8}.Release|x64.Build.0 = Release|x64
		{131398AB-7950-4FB1-8542-8EC7F8AAABF8}.Release|x86.ActiveCfg = Release|Win32
		{131398AB-7950-4FB1-8542-8EC7F8AAABF8}.Release|x86.Build.0 = Release|Win32
		{B55884DA-9CEF-4D87-A01A-ED5B9CD97424}.Debug|x64.ActiveCfg = Debug|x64
		{B55884DA-9CEF-4D87-A01A-ED5B9CD97424}.Debug|x64.Build.0 = Debug|x64
		{B55884DA-9CEF-4D87-A01A-ED5B9CD97424}.Debug|x86.ActiveCfg = Debug|Win32
		{B55884DA-9CEF-4D87-A01A-ED5B9CD97424}.Debug|x86.Build.0 = Debug|Win32
		{B55884DA-9CEF-4D87-A01A-ED5B9CD97424}.Release|x64.ActiveCfg = Release|x64
		{B55884DA-9CEF-4D87-A01A-ED5B9CD97424}.Release|x64.Build.0 = Release|x64
		{B55884DA-9CEF-4D87-A01A-ED5B9CD97424}.Release|x86.ActiveCfg = Release|Win32
		{B55884DA-9CEF-4D87-A01A-ED5B9CD97424}.Release|x86.Build.0 = Release|Win32
	EndGlobalSection
	GlobalSection(SolutionProperties) = preSolution
		HideSolutionNode = FALSE
	EndGlobalSection
	GlobalSection(ExtensibilityGlobals) = postSolution
		SolutionGuid = {DE56E812-F62E-4A4D-A131-DAFF866BE434}
	EndGlobalSection
EndGlobal
